
Microsoft Visual Studio Solution File, Format Version 12.00
# Visual Studio Version 17
VisualStudioVersion = 17.2.32526.322
MinimumVisualStudioVersion = 10.0.40219.1
Project("{FAE04EC0-301F-11D3-BF4B-00C04F79EFBC}") = "Social2", "Social2\Social2.csproj", "{97895CF4-51C6-4164-90F9-A62C5526B36D}"
EndProject
Global
	GlobalSection(SolutionConfigurationPlatforms) = preSolution
		Debug|Any CPU = Debug|Any CPU
		Release|Any CPU = Release|Any CPU
	EndGlobalSection
	GlobalSection(ProjectConfigurationPlatforms) = postSolution
		{97895CF4-51C6-4164-90F9-A62C5526B36D}.Debug|Any CPU.ActiveCfg = Debug|Any CPU
		{97895CF4-51C6-4164-90F9-A62C5526B36D}.Debug|Any CPU.Build.0 = Debug|Any CPU
		{97895CF4-51C6-4164-90F9-A62C5526B36D}.Release|Any CPU.ActiveCfg = Release|Any CPU
		{97895CF4-51C6-4164-90F9-A62C5526B36D}.Release|Any CPU.Build.0 = Release|Any CPU
	EndGlobalSection
	GlobalSection(SolutionProperties) = preSolution
		HideSolutionNode = FALSE
	EndGlobalSection
	GlobalSection(ExtensibilityGlobals) = postSolution
		SolutionGuid = {D7EA4BC3-0194-4881-A79D-04076D1FE91A}
	EndGlobalSection
EndGlobal
